// !$*UTF8*$!
{
	archiveVersion = 1;
	classes = {
	};
	objectVersion = 46;
	objects = {

/* Begin PBXBuildFile section */
		04BA98D41E52EA80008E30AB /* AppDelegate.swift in Sources */ = {isa = PBXBuildFile; fileRef = 04BA98D31E52EA80008E30AB /* AppDelegate.swift */; };
		04BA98D61E52EA80008E30AB /* ViewController.swift in Sources */ = {isa = PBXBuildFile; fileRef = 04BA98D51E52EA80008E30AB /* ViewController.swift */; };
		04BA98D91E52EA80008E30AB /* Main.storyboard in Resources */ = {isa = PBXBuildFile; fileRef = 04BA98D71E52EA80008E30AB /* Main.storyboard */; };
		04BA98DB1E52EA80008E30AB /* Assets.xcassets in Resources */ = {isa = PBXBuildFile; fileRef = 04BA98DA1E52EA80008E30AB /* Assets.xcassets */; };
		04BA98DE1E52EA80008E30AB /* LaunchScreen.storyboard in Resources */ = {isa = PBXBuildFile; fileRef = 04BA98DC1E52EA80008E30AB /* LaunchScreen.storyboard */; };
		04BA98E61E52EBBA008E30AB /* CardsCollectionViewCell.swift in Sources */ = {isa = PBXBuildFile; fileRef = 04BA98E51E52EBBA008E30AB /* CardsCollectionViewCell.swift */; };
		04BA98E81E52EBD8008E30AB /* ViewModel.swift in Sources */ = {isa = PBXBuildFile; fileRef = 04BA98E71E52EBD8008E30AB /* ViewModel.swift */; };
		04C42D341E54585900309637 /* CollectionFlowLayout.swift in Sources */ = {isa = PBXBuildFile; fileRef = 04C42D331E54585900309637 /* CollectionFlowLayout.swift */; };
/* End PBXBuildFile section */

/* Begin PBXFileReference section */
		04BA98D01E52EA80008E30AB /* SwipeCard.app */ = {isa = PBXFileReference; explicitFileType = wrapper.application; includeInIndex = 0; path = SwipeCard.app; sourceTree = BUILT_PRODUCTS_DIR; };
		04BA98D31E52EA80008E30AB /* AppDelegate.swift */ = {isa = PBXFileReference; lastKnownFileType = sourcecode.swift; path = AppDelegate.swift; sourceTree = "<group>"; };
		04BA98D51E52EA80008E30AB /* ViewController.swift */ = {isa = PBXFileReference; lastKnownFileType = sourcecode.swift; path = ViewController.swift; sourceTree = "<group>"; };
		04BA98D81E52EA80008E30AB /* Base */ = {isa = PBXFileReference; lastKnownFileType = file.storyboard; name = Base; path = Base.lproj/Main.storyboard; sourceTree = "<group>"; };
		04BA98DA1E52EA80008E30AB /* Assets.xcassets */ = {isa = PBXFileReference; lastKnownFileType = folder.assetcatalog; path = Assets.xcassets; sourceTree = "<group>"; };
		04BA98DD1E52EA80008E30AB /* Base */ = {isa = PBXFileReference; lastKnownFileType = file.storyboard; name = Base; path = Base.lproj/LaunchScreen.storyboard; sourceTree = "<group>"; };
		04BA98DF1E52EA80008E30AB /* Info.plist */ = {isa = PBXFileReference; lastKnownFileType = text.plist.xml; path = Info.plist; sourceTree = "<group>"; };
		04BA98E51E52EBBA008E30AB /* CardsCollectionViewCell.swift */ = {isa = PBXFileReference; fileEncoding = 4; lastKnownFileType = sourcecode.swift; path = CardsCollectionViewCell.swift; sourceTree = "<group>"; };
		04BA98E71E52EBD8008E30AB /* ViewModel.swift */ = {isa = PBXFileReference; fileEncoding = 4; lastKnownFileType = sourcecode.swift; path = ViewModel.swift; sourceTree = "<group>"; };
		04C42D331E54585900309637 /* CollectionFlowLayout.swift */ = {isa = PBXFileReference; fileEncoding = 4; lastKnownFileType = sourcecode.swift; path = CollectionFlowLayout.swift; sourceTree = "<group>"; };
/* End PBXFileReference section */

/* Begin PBXFrameworksBuildPhase section */
		04BA98CD1E52EA80008E30AB /* Frameworks */ = {
			isa = PBXFrameworksBuildPhase;
			buildActionMask = 2147483647;
			files = (
			);
			runOnlyForDeploymentPostprocessing = 0;
		};
/* End PBXFrameworksBuildPhase section */

/* Begin PBXGroup section */
		04BA98C71E52EA80008E30AB = {
			isa = PBXGroup;
			children = (
				04BA98D21E52EA80008E30AB /* SwipeCard */,
				04BA98D11E52EA80008E30AB /* Products */,
			);
			sourceTree = "<group>";
		};
		04BA98D11E52EA80008E30AB /* Products */ = {
			isa = PBXGroup;
			children = (
				04BA98D01E52EA80008E30AB /* SwipeCard.app */,
			);
			name = Products;
			sourceTree = "<group>";
		};
		04BA98D21E52EA80008E30AB /* SwipeCard */ = {
			isa = PBXGroup;
			children = (
				04BA98D31E52EA80008E30AB /* AppDelegate.swift */,
				04BA98D51E52EA80008E30AB /* ViewController.swift */,
				04BA98E51E52EBBA008E30AB /* CardsCollectionViewCell.swift */,
				04BA98E71E52EBD8008E30AB /* ViewModel.swift */,
				04C42D331E54585900309637 /* CollectionFlowLayout.swift */,
				04BA98D71E52EA80008E30AB /* Main.storyboard */,
				04BA98DA1E52EA80008E30AB /* Assets.xcassets */,
				04BA98DC1E52EA80008E30AB /* LaunchScreen.storyboard */,
				04BA98DF1E52EA80008E30AB /* Info.plist */,
			);
			path = SwipeCard;
			sourceTree = "<group>";
		};
/* End PBXGroup section */

/* Begin PBXNativeTarget section */
		04BA98CF1E52EA80008E30AB /* SwipeCard */ = {
			isa = PBXNativeTarget;
			buildConfigurationList = 04BA98E21E52EA80008E30AB /* Build configuration list for PBXNativeTarget "SwipeCard" */;
			buildPhases = (
				04BA98CC1E52EA80008E30AB /* Sources */,
				04BA98CD1E52EA80008E30AB /* Frameworks */,
				04BA98CE1E52EA80008E30AB /* Resources */,
			);
			buildRules = (
			);
			dependencies = (
			);
			name = SwipeCard;
			productName = SwipeCard;
			productReference = 04BA98D01E52EA80008E30AB /* SwipeCard.app */;
			productType = "com.apple.product-type.application";
		};
/* End PBXNativeTarget section */

/* Begin PBXProject section */
		04BA98C81E52EA80008E30AB /* Project object */ = {
			isa = PBXProject;
			attributes = {
				LastSwiftUpdateCheck = 0800;
				LastUpgradeCheck = 0800;
				ORGANIZATIONNAME = Mac;
				TargetAttributes = {
					04BA98CF1E52EA80008E30AB = {
						CreatedOnToolsVersion = 8.0;
						DevelopmentTeam = 8MA7W4B7Y3;
						ProvisioningStyle = Manual;
					};
				};
			};
			buildConfigurationList = 04BA98CB1E52EA80008E30AB /* Build configuration list for PBXProject "SwipeCard" */;
			compatibilityVersion = "Xcode 3.2";
			developmentRegion = English;
			hasScannedForEncodings = 0;
			knownRegions = (
				en,
				Base,
			);
			mainGroup = 04BA98C71E52EA80008E30AB;
			productRefGroup = 04BA98D11E52EA80008E30AB /* Products */;
			projectDirPath = "";
			projectRoot = "";
			targets = (
				04BA98CF1E52EA80008E30AB /* SwipeCard */,
			);
		};
/* End PBXProject section */

/* Begin PBXResourcesBuildPhase section */
		04BA98CE1E52EA80008E30AB /* Resources */ = {
			isa = PBXResourcesBuildPhase;
			buildActionMask = 2147483647;
			files = (
				04BA98DE1E52EA80008E30AB /* LaunchScreen.storyboard in Resources */,
				04BA98DB1E52EA80008E30AB /* Assets.xcassets in Resources */,
				04BA98D91E52EA80008E30AB /* Main.storyboard in Resources */,
			);
			runOnlyForDeploymentPostprocessing = 0;
		};
/* End PBXResourcesBuildPhase section */

/* Begin PBXSourcesBuildPhase section */
		04BA98CC1E52EA80008E30AB /* Sources */ = {
			isa = PBXSourcesBuildPhase;
			buildActionMask = 2147483647;
			files = (
				04BA98D61E52EA80008E30AB /* ViewController.swift in Sources */,
				04BA98D41E52EA80008E30AB /* AppDelegate.swift in Sources */,
				04BA98E81E52EBD8008E30AB /* ViewModel.swift in Sources */,
				04BA98E61E52EBBA008E30AB /* CardsCollectionViewCell.swift in Sources */,
				04C42D341E54585900309637 /* CollectionFlowLayout.swift in Sources */,
			);
			runOnlyForDeploymentPostprocessing = 0;
		};
/* End PBXSourcesBuildPhase section */

/* Begin PBXVariantGroup section */
		04BA98D71E52EA80008E30AB /* Main.storyboard */ = {
			isa = PBXVariantGroup;
			children = (
				04BA98D81E52EA80008E30AB /* Base */,
			);
			name = Main.storyboard;
			sourceTree = "<group>";
		};
		04BA98DC1E52EA80008E30AB /* LaunchScreen.storyboard */ = {
			isa = PBXVariantGroup;
			children = (
				04BA98DD1E52EA80008E30AB /* Base */,
			);
			name = LaunchScreen.storyboard;
			sourceTree = "<group>";
		};
/* End PBXVariantGroup section */

/* Begin XCBuildConfiguration section */
		04BA98E01E52EA80008E30AB /* Debug */ = {
			isa = XCBuildConfiguration;
			buildSettings = {
				ALWAYS_SEARCH_USER_PATHS = NO;
				CLANG_ANALYZER_NONNULL = YES;
				CLANG_CXX_LANGUAGE_STANDARD = "gnu++0x";
				CLANG_CXX_LIBRARY = "libc++";
				CLANG_ENABLE_MODULES = YES;
				CLANG_ENABLE_OBJC_ARC = YES;
				CLANG_WARN_BOOL_CONVERSION = YES;
				CLANG_WARN_CONSTANT_CONVERSION = YES;
				CLANG_WARN_DIRECT_OBJC_ISA_USAGE = YES_ERROR;
				CLANG_WARN_DOCUMENTATION_COMMENTS = YES;
				CLANG_WARN_EMPTY_BODY = YES;
				CLANG_WARN_ENUM_CONVERSION = YES;
				CLANG_WARN_INFINITE_RECURSION = YES;
				CLANG_WARN_INT_CONVERSION = YES;
				CLANG_WARN_OBJC_ROOT_CLASS = YES_ERROR;
				CLANG_WARN_SUSPICIOUS_MOVES = YES;
				CLANG_WARN_UNREACHABLE_CODE = YES;
				CLANG_WARN__DUPLICATE_METHOD_MATCH = YES;
				"CODE_SIGN_IDENTITY[sdk=iphoneos*]" = "iPhone Developer";
				COPY_PHASE_STRIP = NO;
				DEBUG_INFORMATION_FORMAT = dwarf;
				ENABLE_STRICT_OBJC_MSGSEND = YES;
				ENABLE_TESTABILITY = YES;
				GCC_C_LANGUAGE_STANDARD = gnu99;
				GCC_DYNAMIC_NO_PIC = NO;
				GCC_NO_COMMON_BLOCKS = YES;
				GCC_OPTIMIZATION_LEVEL = 0;
				GCC_PREPROCESSOR_DEFINITIONS = (
					"DEBUG=1",
					"$(inherited)",
				);
				GCC_WARN_64_TO_32_BIT_CONVERSION = YES;
				GCC_WARN_ABOUT_RETURN_TYPE = YES_ERROR;
				GCC_WARN_UNDECLARED_SELECTOR = YES;
				GCC_WARN_UNINITIALIZED_AUTOS = YES_AGGRESSIVE;
				GCC_WARN_UNUSED_FUNCTION = YES;
				GCC_WARN_UNUSED_VARIABLE = YES;
				IPHONEOS_DEPLOYMENT_TARGET = 10.0;
				MTL_ENABLE_DEBUG_INFO = YES;
				ONLY_ACTIVE_ARCH = YES;
				SDKROOT = iphoneos;
				SWIFT_ACTIVE_COMPILATION_CONDITIONS = DEBUG;
				SWIFT_OPTIMIZATION_LEVEL = "-Onone";
				TARGETED_DEVICE_FAMILY = "1,2";
			};
			name = Debug;
		};
		04BA98E11E52EA80008E30AB /* Release */ = {
			isa = XCBuildConfiguration;
			buildSettings = {
				ALWAYS_SEARCH_USER_PATHS = NO;
				CLANG_ANALYZER_NONNULL = YES;
				CLANG_CXX_LANGUAGE_STANDARD = "gnu++0x";
				CLANG_CXX_LIBRARY = "libc++";
				CLANG_ENABLE_MODULES = YES;
				CLANG_ENABLE_OBJC_ARC = YES;
				CLANG_WARN_BOOL_CONVERSION = YES;
				CLANG_WARN_CONSTANT_CONVERSION = YES;
				CLANG_WARN_DIRECT_OBJC_ISA_USAGE = YES_ERROR;
				CLANG_WARN_DOCUMENTATION_COMMENTS = YES;
				CLANG_WARN_EMPTY_BODY = YES;
				CLANG_WARN_ENUM_CONVERSION = YES;
				CLANG_WARN_INFINITE_RECURSION = YES;
				CLANG_WARN_INT_CONVERSION = YES;
				CLANG_WARN_OBJC_ROOT_CLASS = YES_ERROR;
				CLANG_WARN_SUSPICIOUS_MOVES = YES;
				CLANG_WARN_UNREACHABLE_CODE = YES;
				CLANG_WARN__DUPLICATE_METHOD_MATCH = YES;
				"CODE_SIGN_IDENTITY[sdk=iphoneos*]" = "iPhone Developer";
				COPY_PHASE_STRIP = NO;
				DEBUG_INFORMATION_FORMAT = "dwarf-with-dsym";
				ENABLE_NS_ASSERTIONS = NO;
				ENABLE_STRICT_OBJC_MSGSEND = YES;
				GCC_C_LANGUAGE_STANDARD = gnu99;
				GCC_NO_COMMON_BLOCKS = YES;
				GCC_WARN_64_TO_32_BIT_CONVERSION = YES;
				GCC_WARN_ABOUT_RETURN_TYPE = YES_ERROR;
				GCC_WARN_UNDECLARED_SELECTOR = YES;
				GCC_WARN_UNINITIALIZED_AUTOS = YES_AGGRESSIVE;
				GCC_WARN_UNUSED_FUNCTION = YES;
				GCC_WARN_UNUSED_VARIABLE = YES;
				IPHONEOS_DEPLOYMENT_TARGET = 10.0;
				MTL_ENABLE_DEBUG_INFO = NO;
				SDKROOT = iphoneos;
				SWIFT_OPTIMIZATION_LEVEL = "-Owholemodule";
				TARGETED_DEVICE_FAMILY = "1,2";
				VALIDATE_PRODUCT = YES;
			};
			name = Release;
		};
		04BA98E31E52EA80008E30AB /* Debug */ = {
			isa = XCBuildConfiguration;
			buildSettings = {
				ASSETCATALOG_COMPILER_APPICON_NAME = AppIcon;
				"CODE_SIGN_IDENTITY[sdk=iphoneos*]" = "iPhone Developer";
				DEVELOPMENT_TEAM = 8MA7W4B7Y3;
				INFOPLIST_FILE = SwipeCard/Info.plist;
				IPHONEOS_DEPLOYMENT_TARGET = 9.2;
				LD_RUNPATH_SEARCH_PATHS = "$(inherited) @executable_path/Frameworks";
				PRODUCT_BUNDLE_IDENTIFIER = com.codetoart.ios.SwipeCard;
				PRODUCT_NAME = "$(TARGET_NAME)";
				PROVISIONING_PROFILE = "e5540896-d1ad-4a6c-8846-c3773326e0c9";
				PROVISIONING_PROFILE_SPECIFIER = "wildcard dev";
				SWIFT_VERSION = 3.0;
			};
			name = Debug;
		};
		04BA98E41E52EA80008E30AB /* Release */ = {
			isa = XCBuildConfiguration;
			buildSettings = {
				ASSETCATALOG_COMPILER_APPICON_NAME = AppIcon;
				"CODE_SIGN_IDENTITY[sdk=iphoneos*]" = "iPhone Developer";
				DEVELOPMENT_TEAM = 8MA7W4B7Y3;
				INFOPLIST_FILE = SwipeCard/Info.plist;
				IPHONEOS_DEPLOYMENT_TARGET = 9.2;
				LD_RUNPATH_SEARCH_PATHS = "$(inherited) @executable_path/Frameworks";
				PRODUCT_BUNDLE_IDENTIFIER = com.codetoart.ios.SwipeCard;
				PRODUCT_NAME = "$(TARGET_NAME)";
				PROVISIONING_PROFILE = "e5540896-d1ad-4a6c-8846-c3773326e0c9";
				PROVISIONING_PROFILE_SPECIFIER = "wildcard dev";
				SWIFT_VERSION = 3.0;
			};
			name = Release;
		};
/* End XCBuildConfiguration section */

/* Begin XCConfigurationList section */
		04BA98CB1E52EA80008E30AB /* Build configuration list for PBXProject "SwipeCard" */ = {
			isa = XCConfigurationList;
			buildConfigurations = (
				04BA98E01E52EA80008E30AB /* Debug */,
				04BA98E11E52EA80008E30AB /* Release */,
			);
			defaultConfigurationIsVisible = 0;
			defaultConfigurationName = Release;
		};
		04BA98E21E52EA80008E30AB /* Build configuration list for PBXNativeTarget "SwipeCard" */ = {
			isa = XCConfigurationList;
			buildConfigurations = (
				04BA98E31E52EA80008E30AB /* Debug */,
				04BA98E41E52EA80008E30AB /* Release */,
			);
			defaultConfigurationIsVisible = 0;
			defaultConfigurationName = Release;
		};
/* End XCConfigurationList section */
	};
	rootObject = 04BA98C81E52EA80008E30AB /* Project object */;
}
